{
  "name": "kotobase-anchor-fevm",
  "lockfileVersion": 3,
  "requires": true,
  "packages": {
    "": {
      "name": "kotobase-anchor-fevm",
      "dependencies": {
        "@noble/hashes": "2.2.0"
      },
      "devDependencies": {
        "nbb": "1.5.211"
      }
    },
    "node_modules/@noble/hashes": {
      "version": "2.2.0",
      "resolved": "https://registry.npmjs.org/@noble/hashes/-/hashes-2.2.0.tgz",
      "integrity": "sha512-IYqDGiTXab6FniAgnSdZwgWbomxpy9FtYvLKs7wCUs2a8RkITG+DFGO1DM9cr+E3/RgADRpFjrKVaJ1z6sjtEg==",
      "license": "MIT",
      "engines": {
        "node": ">= 20.19.0"
      },
      "funding": {
        "url": "https://paulmillr.com/funding/"
      }
    },
    "node_modules/import-meta-resolve": {
      "version": "4.2.0",
      "resolved": "https://registry.npmjs.org/import-meta-resolve/-/import-meta-resolve-4.2.0.tgz",
      "integrity": "sha512-Iqv2fzaTQN28s/FwZAoFq0ZSs/7hMAHJVX+w8PZl3cY19Pxk6jFFalxQoIfW2826i/fDLXv8IiEZRIT0lDuWcg==",
      "dev": true,
      "license": "MIT",
      "funding": {
        "type": "github",
        "url": "https://github.com/sponsors/wooorm"
      }
    },
    "node_modules/nbb": {
      "version": "1.5.211",
      "resolved": "https://registry.npmjs.org/nbb/-/nbb-1.5.211.tgz",
      "integrity": "sha512-VgOlYvseeVYuDCAk5ehzAFZlNBu12gygZcIF2gRBFbNvCH5mMJlghvj8ag5gDZVNZ3AnorxWGAENMmcdVhIISQ==",
      "dev": true,
      "license": "EPL-1.0",
      "dependencies": {
        "import-meta-resolve": "^4.1.0"
      },
      "bin": {
        "nbb": "cli.js",
        "nbbun": "nbbun.js"
      }
    }
  }
}
